
Microsoft Visual Studio Solution File, Format Version 12.00
# Visual Studio Version 16
VisualStudioVersion = 16.0.29123.88
MinimumVisualStudioVersion = 10.0.40219.1
Project("{FAE04EC0-301F-11D3-BF4B-00C04F79EFBC}") = "NKnife.NLog.WinForm", "NLog\NKnife.NLog.Winform\NKnife.NLog.WinForm.csproj", "{FC94B5B1-F70C-44D4-9463-AB8EB8FAF170}"
EndProject
Project("{FAE04EC0-301F-11D3-BF4B-00C04F79EFBC}") = "NKnife.NLog.WinForm.Example", "NLog\NKnife.NLog.Winform.Example\NKnife.NLog.WinForm.Example.csproj", "{3CE186DC-3F47-464E-86E7-AFB4A05491C5}"
EndProject
Project("{9A19103F-16F7-4668-BE54-9A1E7A4F7556}") = "NKnife.NLog.Websocket", "NLog\NKnife.NLog.Websocket\NKnife.NLog.Websocket.csproj", "{21CF589C-81FE-468A-AF4B-137C3A9422C7}"
EndProject
Project("{9A19103F-16F7-4668-BE54-9A1E7A4F7556}") = "NKnife.NLog.Websocket.Example", "NLog\NKnife.NLog.Websocket.Example\NKnife.NLog.Websocket.Example.csproj", "{48AD5D86-F2EF-4FEB-8041-4DC7A147A2E1}"
EndProject
Global
	GlobalSection(SolutionConfigurationPlatforms) = preSolution
		Debug|Any CPU = Debug|Any CPU
		Release|Any CPU = Release|Any CPU
	EndGlobalSection
	GlobalSection(ProjectConfigurationPlatforms) = postSolution
		{FC94B5B1-F70C-44D4-9463-AB8EB8FAF170}.Debug|Any CPU.ActiveCfg = Debug|Any CPU
		{FC94B5B1-F70C-44D4-9463-AB8EB8FAF170}.Debug|Any CPU.Build.0 = Debug|Any CPU
		{FC94B5B1-F70C-44D4-9463-AB8EB8FAF170}.Release|Any CPU.ActiveCfg = Release|Any CPU
		{FC94B5B1-F70C-44D4-9463-AB8EB8FAF170}.Release|Any CPU.Build.0 = Release|Any CPU
		{3CE186DC-3F47-464E-86E7-AFB4A05491C5}.Debug|Any CPU.ActiveCfg = Debug|Any CPU
		{3CE186DC-3F47-464E-86E7-AFB4A05491C5}.Debug|Any CPU.Build.0 = Debug|Any CPU
		{3CE186DC-3F47-464E-86E7-AFB4A05491C5}.Release|Any CPU.ActiveCfg = Release|Any CPU
		{3CE186DC-3F47-464E-86E7-AFB4A05491C5}.Release|Any CPU.Build.0 = Release|Any CPU
		{21CF589C-81FE-468A-AF4B-137C3A9422C7}.Debug|Any CPU.ActiveCfg = Debug|Any CPU
		{21CF589C-81FE-468A-AF4B-137C3A9422C7}.Debug|Any CPU.Build.0 = Debug|Any CPU
		{21CF589C-81FE-468A-AF4B-137C3A9422C7}.Release|Any CPU.ActiveCfg = Release|Any CPU
		{21CF589C-81FE-468A-AF4B-137C3A9422C7}.Release|Any CPU.Build.0 = Release|Any CPU
		{48AD5D86-F2EF-4FEB-8041-4DC7A147A2E1}.Debug|Any CPU.ActiveCfg = Debug|Any CPU
		{48AD5D86-F2EF-4FEB-8041-4DC7A147A2E1}.Debug|Any CPU.Build.0 = Debug|Any CPU
		{48AD5D86-F2EF-4FEB-8041-4DC7A147A2E1}.Release|Any CPU.ActiveCfg = Release|Any CPU
		{48AD5D86-F2EF-4FEB-8041-4DC7A147A2E1}.Release|Any CPU.Build.0 = Release|Any CPU
	EndGlobalSection
	GlobalSection(SolutionProperties) = preSolution
		HideSolutionNode = FALSE
	EndGlobalSection
	GlobalSection(ExtensibilityGlobals) = postSolution
		SolutionGuid = {A87861B5-3CE3-489E-9AC9-6E8106844EC7}
	EndGlobalSection
EndGlobal
