
Microsoft Visual Studio Solution File, Format Version 12.00
# Visual Studio Version 16
VisualStudioVersion = 16.0.29102.190
MinimumVisualStudioVersion = 10.0.40219.1
Project("{9A19103F-16F7-4668-BE54-9A1E7A4F7556}") = "NKnife", "NKnife\NKnife.csproj", "{B33B0509-229B-4AFE-B774-AEACF7E515C0}"
EndProject
Project("{2150E333-8FDC-42A3-9474-1A3956D46DE8}") = "Examples", "Examples", "{3840FCBD-681A-4B6B-93C4-6645DB4F8F97}"
EndProject
Project("{2150E333-8FDC-42A3-9474-1A3956D46DE8}") = "UnitTests", "UnitTests", "{5A0AEAE7-C8B5-4B49-B032-726C928108DF}"
EndProject
Project("{9A19103F-16F7-4668-BE54-9A1E7A4F7556}") = "NKnife.Downloader", "NKnife.Downloader\NKnife.Downloader.csproj", "{14C99021-6EF0-45EA-93A9-2A19A354FD3C}"
EndProject
Project("{FAE04EC0-301F-11D3-BF4B-00C04F79EFBC}") = "NKnife.NLog.WinForm", "NKnife.NLog.WinForm\NKnife.NLog.WinForm.csproj", "{FC94B5B1-F70C-44D4-9463-AB8EB8FAF170}"
EndProject
Project("{9A19103F-16F7-4668-BE54-9A1E7A4F7556}") = "NKnife.Storages", "NKnife.Storages\NKnife.Storages.csproj", "{D4A2C877-7A0A-43E2-8F8D-91A58B31B700}"
EndProject
Project("{FAE04EC0-301F-11D3-BF4B-00C04F79EFBC}") = "NKnife.Upgrade4Github", "NKnife.Upgrade4GitHub\NKnife.Upgrade4Github.csproj", "{D0EB3F04-17E8-4327-B116-5584047888F0}"
EndProject
Project("{FAE04EC0-301F-11D3-BF4B-00C04F79EFBC}") = "NKnife.Win", "NKnife.Win\NKnife.Win.csproj", "{D6DE90B7-0ABE-4640-8AB6-5B2818C52AD8}"
EndProject
Project("{FAE04EC0-301F-11D3-BF4B-00C04F79EFBC}") = "NKnife.Win.Forms", "NKnife.Win.Forms\NKnife.Win.Forms.csproj", "{48DCFEA4-948A-45F8-8FA5-010A1E095C19}"
EndProject
Global
	GlobalSection(SolutionConfigurationPlatforms) = preSolution
		Debug|Any CPU = Debug|Any CPU
		Release|Any CPU = Release|Any CPU
	EndGlobalSection
	GlobalSection(ProjectConfigurationPlatforms) = postSolution
		{B33B0509-229B-4AFE-B774-AEACF7E515C0}.Debug|Any CPU.ActiveCfg = Debug|Any CPU
		{B33B0509-229B-4AFE-B774-AEACF7E515C0}.Debug|Any CPU.Build.0 = Debug|Any CPU
		{B33B0509-229B-4AFE-B774-AEACF7E515C0}.Release|Any CPU.ActiveCfg = Release|Any CPU
		{B33B0509-229B-4AFE-B774-AEACF7E515C0}.Release|Any CPU.Build.0 = Release|Any CPU
		{14C99021-6EF0-45EA-93A9-2A19A354FD3C}.Debug|Any CPU.ActiveCfg = Debug|Any CPU
		{14C99021-6EF0-45EA-93A9-2A19A354FD3C}.Debug|Any CPU.Build.0 = Debug|Any CPU
		{14C99021-6EF0-45EA-93A9-2A19A354FD3C}.Release|Any CPU.ActiveCfg = Release|Any CPU
		{14C99021-6EF0-45EA-93A9-2A19A354FD3C}.Release|Any CPU.Build.0 = Release|Any CPU
		{FC94B5B1-F70C-44D4-9463-AB8EB8FAF170}.Debug|Any CPU.ActiveCfg = Debug|Any CPU
		{FC94B5B1-F70C-44D4-9463-AB8EB8FAF170}.Debug|Any CPU.Build.0 = Debug|Any CPU
		{FC94B5B1-F70C-44D4-9463-AB8EB8FAF170}.Release|Any CPU.ActiveCfg = Release|Any CPU
		{FC94B5B1-F70C-44D4-9463-AB8EB8FAF170}.Release|Any CPU.Build.0 = Release|Any CPU
		{D4A2C877-7A0A-43E2-8F8D-91A58B31B700}.Debug|Any CPU.ActiveCfg = Debug|Any CPU
		{D4A2C877-7A0A-43E2-8F8D-91A58B31B700}.Debug|Any CPU.Build.0 = Debug|Any CPU
		{D4A2C877-7A0A-43E2-8F8D-91A58B31B700}.Release|Any CPU.ActiveCfg = Release|Any CPU
		{D4A2C877-7A0A-43E2-8F8D-91A58B31B700}.Release|Any CPU.Build.0 = Release|Any CPU
		{D0EB3F04-17E8-4327-B116-5584047888F0}.Debug|Any CPU.ActiveCfg = Debug|Any CPU
		{D0EB3F04-17E8-4327-B116-5584047888F0}.Debug|Any CPU.Build.0 = Debug|Any CPU
		{D0EB3F04-17E8-4327-B116-5584047888F0}.Release|Any CPU.ActiveCfg = Release|Any CPU
		{D0EB3F04-17E8-4327-B116-5584047888F0}.Release|Any CPU.Build.0 = Release|Any CPU
		{D6DE90B7-0ABE-4640-8AB6-5B2818C52AD8}.Debug|Any CPU.ActiveCfg = Debug|Any CPU
		{D6DE90B7-0ABE-4640-8AB6-5B2818C52AD8}.Debug|Any CPU.Build.0 = Debug|Any CPU
		{D6DE90B7-0ABE-4640-8AB6-5B2818C52AD8}.Release|Any CPU.ActiveCfg = Release|Any CPU
		{D6DE90B7-0ABE-4640-8AB6-5B2818C52AD8}.Release|Any CPU.Build.0 = Release|Any CPU
		{48DCFEA4-948A-45F8-8FA5-010A1E095C19}.Debug|Any CPU.ActiveCfg = Debug|Any CPU
		{48DCFEA4-948A-45F8-8FA5-010A1E095C19}.Debug|Any CPU.Build.0 = Debug|Any CPU
		{48DCFEA4-948A-45F8-8FA5-010A1E095C19}.Release|Any CPU.ActiveCfg = Release|Any CPU
		{48DCFEA4-948A-45F8-8FA5-010A1E095C19}.Release|Any CPU.Build.0 = Release|Any CPU
	EndGlobalSection
	GlobalSection(SolutionProperties) = preSolution
		HideSolutionNode = FALSE
	EndGlobalSection
	GlobalSection(ExtensibilityGlobals) = postSolution
		SolutionGuid = {F14B5A9D-9DDE-46AE-95C6-FBD68CC49D5D}
	EndGlobalSection
EndGlobal
